// !$*UTF8*$!
{
	archiveVersion = 1;
	classes = {
	};
	objectVersion = 46;
	objects = {

/* Begin PBXBuildFile section */
		173CFB6FB46B2233F1848D20 /* libPods.a in Frameworks */ = {isa = PBXBuildFile; fileRef = 32FB8DB0042B0D2BD4E90C16 /* libPods.a */; };
		A6A3AF161AA903320068B5F5 /* Accounts.framework in Frameworks */ = {isa = PBXBuildFile; fileRef = A6B21C5D1AA8E749005FA5B6 /* Accounts.framework */; };
		A6B21C0F1AA7C12C005FA5B6 /* main.m in Sources */ = {isa = PBXBuildFile; fileRef = A6B21C0E1AA7C12C005FA5B6 /* main.m */; };
		A6B21C151AA7C12C005FA5B6 /* HackathonTemplate.xcdatamodeld in Sources */ = {isa = PBXBuildFile; fileRef = A6B21C131AA7C12C005FA5B6 /* HackathonTemplate.xcdatamodeld */; };
		A6B21C1B1AA7C12C005FA5B6 /* Main.storyboard in Resources */ = {isa = PBXBuildFile; fileRef = A6B21C191AA7C12C005FA5B6 /* Main.storyboard */; };
		A6B21C1D1AA7C12C005FA5B6 /* Images.xcassets in Resources */ = {isa = PBXBuildFile; fileRef = A6B21C1C1AA7C12C005FA5B6 /* Images.xcassets */; };
		A6B21C201AA7C12C005FA5B6 /* LaunchScreen.xib in Resources */ = {isa = PBXBuildFile; fileRef = A6B21C1E1AA7C12C005FA5B6 /* LaunchScreen.xib */; };
		A6B21C2C1AA7C12C005FA5B6 /* HackathonTemplateTests.m in Sources */ = {isa = PBXBuildFile; fileRef = A6B21C2B1AA7C12C005FA5B6 /* HackathonTemplateTests.m */; };
		A6B21C3B1AA7C263005FA5B6 /* AppDelegate.m in Sources */ = {isa = PBXBuildFile; fileRef = A6B21C381AA7C263005FA5B6 /* AppDelegate.m */; };
		A6B21C3C1AA7C263005FA5B6 /* HTViewController.m in Sources */ = {isa = PBXBuildFile; fileRef = A6B21C3A1AA7C263005FA5B6 /* HTViewController.m */; };
		A6B21C461AA8E67E005FA5B6 /* AudioToolbox.framework in Frameworks */ = {isa = PBXBuildFile; fileRef = A6B21C451AA8E67E005FA5B6 /* AudioToolbox.framework */; };
		A6B21C481AA8E682005FA5B6 /* CFNetwork.framework in Frameworks */ = {isa = PBXBuildFile; fileRef = A6B21C471AA8E682005FA5B6 /* CFNetwork.framework */; };
		A6B21C4A1AA8E687005FA5B6 /* CoreGraphics.framework in Frameworks */ = {isa = PBXBuildFile; fileRef = A6B21C491AA8E687005FA5B6 /* CoreGraphics.framework */; };
		A6B21C4C1AA8E68B005FA5B6 /* CoreLocation.framework in Frameworks */ = {isa = PBXBuildFile; fileRef = A6B21C4B1AA8E68B005FA5B6 /* CoreLocation.framework */; };
		A6B21C4E1AA8E690005FA5B6 /* MobileCoreServices.framework in Frameworks */ = {isa = PBXBuildFile; fileRef = A6B21C4D1AA8E690005FA5B6 /* MobileCoreServices.framework */; };
		A6B21C501AA8E696005FA5B6 /* QuartzCore.framework in Frameworks */ = {isa = PBXBuildFile; fileRef = A6B21C4F1AA8E696005FA5B6 /* QuartzCore.framework */; };
		A6B21C521AA8E69C005FA5B6 /* Security.framework in Frameworks */ = {isa = PBXBuildFile; fileRef = A6B21C511AA8E69C005FA5B6 /* Security.framework */; };
		A6B21C541AA8E69F005FA5B6 /* StoreKit.framework in Frameworks */ = {isa = PBXBuildFile; fileRef = A6B21C531AA8E69F005FA5B6 /* StoreKit.framework */; };
		A6B21C561AA8E6A5005FA5B6 /* SystemConfiguration.framework in Frameworks */ = {isa = PBXBuildFile; fileRef = A6B21C551AA8E6A5005FA5B6 /* SystemConfiguration.framework */; };
		A6B21C581AA8E6B0005FA5B6 /* libz.dylib in Frameworks */ = {isa = PBXBuildFile; fileRef = A6B21C571AA8E6B0005FA5B6 /* libz.dylib */; };
		A6B21C5A1AA8E6BB005FA5B6 /* libsqlite3.dylib in Frameworks */ = {isa = PBXBuildFile; fileRef = A6B21C591AA8E6BB005FA5B6 /* libsqlite3.dylib */; };
		A6B21C5C1AA8E736005FA5B6 /* Social.framework in Frameworks */ = {isa = PBXBuildFile; fileRef = A6B21C5B1AA8E736005FA5B6 /* Social.framework */; };
		A6B21C611AA8E965005FA5B6 /* HTParseManager.m in Sources */ = {isa = PBXBuildFile; fileRef = A6B21C601AA8E965005FA5B6 /* HTParseManager.m */; };
		A6EA18EE1AAA20C8000D937C /* Bolts.framework in Frameworks */ = {isa = PBXBuildFile; fileRef = A6EA18EC1AAA20C8000D937C /* Bolts.framework */; };
		A6EA18EF1AAA20C8000D937C /* Parse.framework in Frameworks */ = {isa = PBXBuildFile; fileRef = A6EA18ED1AAA20C8000D937C /* Parse.framework */; };
/* End PBXBuildFile section */

/* Begin PBXContainerItemProxy section */
		A6B21C261AA7C12C005FA5B6 /* PBXContainerItemProxy */ = {
			isa = PBXContainerItemProxy;
			containerPortal = A6B21C011AA7C12C005FA5B6 /* Project object */;
			proxyType = 1;
			remoteGlobalIDString = A6B21C081AA7C12C005FA5B6;
			remoteInfo = HackathonTemplate;
		};
/* End PBXContainerItemProxy section */

/* Begin PBXFileReference section */
		32FB8DB0042B0D2BD4E90C16 /* libPods.a */ = {isa = PBXFileReference; explicitFileType = archive.ar; includeInIndex = 0; path = libPods.a; sourceTree = BUILT_PRODUCTS_DIR; };
		7CFC9AA473A08D3FF393CB29 /* Pods.release.xcconfig */ = {isa = PBXFileReference; includeInIndex = 1; lastKnownFileType = text.xcconfig; name = Pods.release.xcconfig; path = "Pods/Target Support Files/Pods/Pods.release.xcconfig"; sourceTree = "<group>"; };
		A6A3AF121AA902200068B5F5 /* Bolts.framework */ = {isa = PBXFileReference; lastKnownFileType = wrapper.framework; name = Bolts.framework; path = "Third Party/parse-library-1.6.4/Bolts.framework"; sourceTree = "<group>"; };
		A6A3AF131AA902200068B5F5 /* Parse.framework */ = {isa = PBXFileReference; lastKnownFileType = wrapper.framework; name = Parse.framework; path = "Third Party/parse-library-1.6.4/Parse.framework"; sourceTree = "<group>"; };
		A6B21C091AA7C12C005FA5B6 /* HackathonTemplate.app */ = {isa = PBXFileReference; explicitFileType = wrapper.application; includeInIndex = 0; path = HackathonTemplate.app; sourceTree = BUILT_PRODUCTS_DIR; };
		A6B21C0D1AA7C12C005FA5B6 /* Info.plist */ = {isa = PBXFileReference; lastKnownFileType = text.plist.xml; path = Info.plist; sourceTree = "<group>"; };
		A6B21C0E1AA7C12C005FA5B6 /* main.m */ = {isa = PBXFileReference; lastKnownFileType = sourcecode.c.objc; path = main.m; sourceTree = "<group>"; };
		A6B21C141AA7C12C005FA5B6 /* HackathonTemplate.xcdatamodel */ = {isa = PBXFileReference; lastKnownFileType = wrapper.xcdatamodel; path = HackathonTemplate.xcdatamodel; sourceTree = "<group>"; };
		A6B21C1A1AA7C12C005FA5B6 /* Base */ = {isa = PBXFileReference; lastKnownFileType = file.storyboard; name = Base; path = Base.lproj/Main.storyboard; sourceTree = "<group>"; };
		A6B21C1C1AA7C12C005FA5B6 /* Images.xcassets */ = {isa = PBXFileReference; lastKnownFileType = folder.assetcatalog; path = Images.xcassets; sourceTree = "<group>"; };
		A6B21C1F1AA7C12C005FA5B6 /* Base */ = {isa = PBXFileReference; lastKnownFileType = file.xib; name = Base; path = Base.lproj/LaunchScreen.xib; sourceTree = "<group>"; };
		A6B21C251AA7C12C005FA5B6 /* HackathonTemplateTests.xctest */ = {isa = PBXFileReference; explicitFileType = wrapper.cfbundle; includeInIndex = 0; path = HackathonTemplateTests.xctest; sourceTree = BUILT_PRODUCTS_DIR; };
		A6B21C2A1AA7C12C005FA5B6 /* Info.plist */ = {isa = PBXFileReference; lastKnownFileType = text.plist.xml; path = Info.plist; sourceTree = "<group>"; };
		A6B21C2B1AA7C12C005FA5B6 /* HackathonTemplateTests.m */ = {isa = PBXFileReference; lastKnownFileType = sourcecode.c.objc; path = HackathonTemplateTests.m; sourceTree = "<group>"; };
		A6B21C371AA7C263005FA5B6 /* AppDelegate.h */ = {isa = PBXFileReference; fileEncoding = 4; lastKnownFileType = sourcecode.c.h; name = AppDelegate.h; path = Classes/AppDelegate.h; sourceTree = "<group>"; };
		A6B21C381AA7C263005FA5B6 /* AppDelegate.m */ = {isa = PBXFileReference; fileEncoding = 4; lastKnownFileType = sourcecode.c.objc; name = AppDelegate.m; path = Classes/AppDelegate.m; sourceTree = "<group>"; };
		A6B21C391AA7C263005FA5B6 /* HTViewController.h */ = {isa = PBXFileReference; fileEncoding = 4; lastKnownFileType = sourcecode.c.h; name = HTViewController.h; path = Classes/HTViewController.h; sourceTree = "<group>"; };
		A6B21C3A1AA7C263005FA5B6 /* HTViewController.m */ = {isa = PBXFileReference; fileEncoding = 4; lastKnownFileType = sourcecode.c.objc; name = HTViewController.m; path = Classes/HTViewController.m; sourceTree = "<group>"; };
		A6B21C3E1AA7C382005FA5B6 /* HackathonTemplate-prefix.pch */ = {isa = PBXFileReference; lastKnownFileType = sourcecode.c.h; path = "HackathonTemplate-prefix.pch"; sourceTree = SOURCE_ROOT; };
		A6B21C451AA8E67E005FA5B6 /* AudioToolbox.framework */ = {isa = PBXFileReference; lastKnownFileType = wrapper.framework; name = AudioToolbox.framework; path = System/Library/Frameworks/AudioToolbox.framework; sourceTree = SDKROOT; };
		A6B21C471AA8E682005FA5B6 /* CFNetwork.framework */ = {isa = PBXFileReference; lastKnownFileType = wrapper.framework; name = CFNetwork.framework; path = System/Library/Frameworks/CFNetwork.framework; sourceTree = SDKROOT; };
		A6B21C491AA8E687005FA5B6 /* CoreGraphics.framework */ = {isa = PBXFileReference; lastKnownFileType = wrapper.framework; name = CoreGraphics.framework; path = System/Library/Frameworks/CoreGraphics.framework; sourceTree = SDKROOT; };
		A6B21C4B1AA8E68B005FA5B6 /* CoreLocation.framework */ = {isa = PBXFileReference; lastKnownFileType = wrapper.framework; name = CoreLocation.framework; path = System/Library/Frameworks/CoreLocation.framework; sourceTree = SDKROOT; };
		A6B21C4D1AA8E690005FA5B6 /* MobileCoreServices.framework */ = {isa = PBXFileReference; lastKnownFileType = wrapper.framework; name = MobileCoreServices.framework; path = System/Library/Frameworks/MobileCoreServices.framework; sourceTree = SDKROOT; };
		A6B21C4F1AA8E696005FA5B6 /* QuartzCore.framework */ = {isa = PBXFileReference; lastKnownFileType = wrapper.framework; name = QuartzCore.framework; path = System/Library/Frameworks/QuartzCore.framework; sourceTree = SDKROOT; };
		A6B21C511AA8E69C005FA5B6 /* Security.framework */ = {isa = PBXFileReference; lastKnownFileType = wrapper.framework; name = Security.framework; path = System/Library/Frameworks/Security.framework; sourceTree = SDKROOT; };
		A6B21C531AA8E69F005FA5B6 /* StoreKit.framework */ = {isa = PBXFileReference; lastKnownFileType = wrapper.framework; name = StoreKit.framework; path = System/Library/Frameworks/StoreKit.framework; sourceTree = SDKROOT; };
		A6B21C551AA8E6A5005FA5B6 /* SystemConfiguration.framework */ = {isa = PBXFileReference; lastKnownFileType = wrapper.framework; name = SystemConfiguration.framework; path = System/Library/Frameworks/SystemConfiguration.framework; sourceTree = SDKROOT; };
		A6B21C571AA8E6B0005FA5B6 /* libz.dylib */ = {isa = PBXFileReference; lastKnownFileType = "compiled.mach-o.dylib"; name = libz.dylib; path = usr/lib/libz.dylib; sourceTree = SDKROOT; };
		A6B21C591AA8E6BB005FA5B6 /* libsqlite3.dylib */ = {isa = PBXFileReference; lastKnownFileType = "compiled.mach-o.dylib"; name = libsqlite3.dylib; path = usr/lib/libsqlite3.dylib; sourceTree = SDKROOT; };
		A6B21C5B1AA8E736005FA5B6 /* Social.framework */ = {isa = PBXFileReference; lastKnownFileType = wrapper.framework; name = Social.framework; path = System/Library/Frameworks/Social.framework; sourceTree = SDKROOT; };
		A6B21C5D1AA8E749005FA5B6 /* Accounts.framework */ = {isa = PBXFileReference; lastKnownFileType = wrapper.framework; name = Accounts.framework; path = System/Library/Frameworks/Accounts.framework; sourceTree = SDKROOT; };
		A6B21C5F1AA8E965005FA5B6 /* HTParseManager.h */ = {isa = PBXFileReference; fileEncoding = 4; lastKnownFileType = sourcecode.c.h; name = HTParseManager.h; path = Classes/HTParseManager.h; sourceTree = "<group>"; };
		A6B21C601AA8E965005FA5B6 /* HTParseManager.m */ = {isa = PBXFileReference; fileEncoding = 4; lastKnownFileType = sourcecode.c.objc; name = HTParseManager.m; path = Classes/HTParseManager.m; sourceTree = "<group>"; };
		A6B21C641AA9016D005FA5B6 /* AddressBook.framework */ = {isa = PBXFileReference; lastKnownFileType = wrapper.framework; name = AddressBook.framework; path = System/Library/Frameworks/AddressBook.framework; sourceTree = SDKROOT; };
		A6EA18EC1AAA20C8000D937C /* Bolts.framework */ = {isa = PBXFileReference; lastKnownFileType = wrapper.framework; name = Bolts.framework; path = "HackathonTemplate/ThirdParty/parse-library-1.6.4/Bolts.framework"; sourceTree = "<group>"; };
		A6EA18ED1AAA20C8000D937C /* Parse.framework */ = {isa = PBXFileReference; lastKnownFileType = wrapper.framework; name = Parse.framework; path = "HackathonTemplate/ThirdParty/parse-library-1.6.4/Parse.framework"; sourceTree = "<group>"; };
		B5C145BDC8E69EC6A0633F01 /* Pods.debug.xcconfig */ = {isa = PBXFileReference; includeInIndex = 1; lastKnownFileType = text.xcconfig; name = Pods.debug.xcconfig; path = "Pods/Target Support Files/Pods/Pods.debug.xcconfig"; sourceTree = "<group>"; };
/* End PBXFileReference section */

/* Begin PBXFrameworksBuildPhase section */
		A6B21C061AA7C12C005FA5B6 /* Frameworks */ = {
			isa = PBXFrameworksBuildPhase;
			buildActionMask = 2147483647;
			files = (
				A6A3AF161AA903320068B5F5 /* Accounts.framework in Frameworks */,
				A6B21C461AA8E67E005FA5B6 /* AudioToolbox.framework in Frameworks */,
				A6EA18EE1AAA20C8000D937C /* Bolts.framework in Frameworks */,
				A6B21C481AA8E682005FA5B6 /* CFNetwork.framework in Frameworks */,
				A6B21C4A1AA8E687005FA5B6 /* CoreGraphics.framework in Frameworks */,
				A6B21C4C1AA8E68B005FA5B6 /* CoreLocation.framework in Frameworks */,
				173CFB6FB46B2233F1848D20 /* libPods.a in Frameworks */,
				A6B21C5A1AA8E6BB005FA5B6 /* libsqlite3.dylib in Frameworks */,
				A6B21C581AA8E6B0005FA5B6 /* libz.dylib in Frameworks */,
				A6B21C4E1AA8E690005FA5B6 /* MobileCoreServices.framework in Frameworks */,
				A6EA18EF1AAA20C8000D937C /* Parse.framework in Frameworks */,
				A6B21C501AA8E696005FA5B6 /* QuartzCore.framework in Frameworks */,
				A6B21C521AA8E69C005FA5B6 /* Security.framework in Frameworks */,
				A6B21C5C1AA8E736005FA5B6 /* Social.framework in Frameworks */,
				A6B21C541AA8E69F005FA5B6 /* StoreKit.framework in Frameworks */,
				A6B21C561AA8E6A5005FA5B6 /* SystemConfiguration.framework in Frameworks */,
			);
			runOnlyForDeploymentPostprocessing = 0;
		};
		A6B21C221AA7C12C005FA5B6 /* Frameworks */ = {
			isa = PBXFrameworksBuildPhase;
			buildActionMask = 2147483647;
			files = (
			);
			runOnlyForDeploymentPostprocessing = 0;
		};
/* End PBXFrameworksBuildPhase section */

/* Begin PBXGroup section */
		2AF6070198B8FDE5ACF7B5FA /* Frameworks */ = {
			isa = PBXGroup;
			children = (
				A6EA18EC1AAA20C8000D937C /* Bolts.framework */,
				A6EA18ED1AAA20C8000D937C /* Parse.framework */,
				A6B21C641AA9016D005FA5B6 /* AddressBook.framework */,
				A6B21C5D1AA8E749005FA5B6 /* Accounts.framework */,
				A6B21C5B1AA8E736005FA5B6 /* Social.framework */,
				A6B21C591AA8E6BB005FA5B6 /* libsqlite3.dylib */,
				A6B21C571AA8E6B0005FA5B6 /* libz.dylib */,
				A6B21C551AA8E6A5005FA5B6 /* SystemConfiguration.framework */,
				A6B21C531AA8E69F005FA5B6 /* StoreKit.framework */,
				A6B21C511AA8E69C005FA5B6 /* Security.framework */,
				A6B21C4F1AA8E696005FA5B6 /* QuartzCore.framework */,
				A6B21C4D1AA8E690005FA5B6 /* MobileCoreServices.framework */,
				A6B21C4B1AA8E68B005FA5B6 /* CoreLocation.framework */,
				A6B21C491AA8E687005FA5B6 /* CoreGraphics.framework */,
				A6B21C471AA8E682005FA5B6 /* CFNetwork.framework */,
				A6B21C451AA8E67E005FA5B6 /* AudioToolbox.framework */,
				32FB8DB0042B0D2BD4E90C16 /* libPods.a */,
			);
			name = Frameworks;
			sourceTree = "<group>";
		};
		A6B21C001AA7C12C005FA5B6 = {
			isa = PBXGroup;
			children = (
				A6B21C0B1AA7C12C005FA5B6 /* HackathonTemplate */,
				A6B21C281AA7C12C005FA5B6 /* HackathonTemplateTests */,
				A6B21C0A1AA7C12C005FA5B6 /* Products */,
				F1D632A473C35C2A48A3F268 /* Pods */,
				2AF6070198B8FDE5ACF7B5FA /* Frameworks */,
			);
			sourceTree = "<group>";
		};
		A6B21C0A1AA7C12C005FA5B6 /* Products */ = {
			isa = PBXGroup;
			children = (
				A6B21C091AA7C12C005FA5B6 /* HackathonTemplate.app */,
				A6B21C251AA7C12C005FA5B6 /* HackathonTemplateTests.xctest */,
			);
			name = Products;
			sourceTree = "<group>";
		};
		A6B21C0B1AA7C12C005FA5B6 /* HackathonTemplate */ = {
			isa = PBXGroup;
			children = (
				A6B21C3D1AA7C266005FA5B6 /* Source */,
				A6B21C621AA8EDE0005FA5B6 /* Nibs */,
				A6B21C631AA8EDED005FA5B6 /* Resources */,
				A6B21C1C1AA7C12C005FA5B6 /* Images.xcassets */,
				A6B21C131AA7C12C005FA5B6 /* HackathonTemplate.xcdatamodeld */,
				A6B21C0C1AA7C12C005FA5B6 /* Supporting Files */,
			);
			path = HackathonTemplate;
			sourceTree = "<group>";
		};
		A6B21C0C1AA7C12C005FA5B6 /* Supporting Files */ = {
			isa = PBXGroup;
			children = (
				A6B21C0D1AA7C12C005FA5B6 /* Info.plist */,
				A6B21C0E1AA7C12C005FA5B6 /* main.m */,
			);
			name = "Supporting Files";
			sourceTree = "<group>";
		};
		A6B21C281AA7C12C005FA5B6 /* HackathonTemplateTests */ = {
			isa = PBXGroup;
			children = (
				A6B21C2B1AA7C12C005FA5B6 /* HackathonTemplateTests.m */,
				A6B21C291AA7C12C005FA5B6 /* Supporting Files */,
			);
			path = HackathonTemplateTests;
			sourceTree = "<group>";
		};
		A6B21C291AA7C12C005FA5B6 /* Supporting Files */ = {
			isa = PBXGroup;
			children = (
				A6B21C2A1AA7C12C005FA5B6 /* Info.plist */,
				A6B21C3E1AA7C382005FA5B6 /* HackathonTemplate-prefix.pch */,
			);
			name = "Supporting Files";
			sourceTree = "<group>";
		};
		A6B21C3D1AA7C266005FA5B6 /* Source */ = {
			isa = PBXGroup;
			children = (
				A6B21C371AA7C263005FA5B6 /* AppDelegate.h */,
				A6B21C381AA7C263005FA5B6 /* AppDelegate.m */,
				A6B21C391AA7C263005FA5B6 /* HTViewController.h */,
				A6B21C3A1AA7C263005FA5B6 /* HTViewController.m */,
				A6B21C5F1AA8E965005FA5B6 /* HTParseManager.h */,
				A6B21C601AA8E965005FA5B6 /* HTParseManager.m */,
			);
			name = Source;
			sourceTree = "<group>";
		};
		A6B21C431AA8E636005FA5B6 /* Third Party */ = {
			isa = PBXGroup;
			children = (
				A6B21C441AA8E63C005FA5B6 /* Parse */,
			);
			name = "Third Party";
			sourceTree = "<group>";
		};
		A6B21C441AA8E63C005FA5B6 /* Parse */ = {
			isa = PBXGroup;
			children = (
				A6A3AF121AA902200068B5F5 /* Bolts.framework */,
				A6A3AF131AA902200068B5F5 /* Parse.framework */,
			);
			name = Parse;
			sourceTree = "<group>";
		};
		A6B21C621AA8EDE0005FA5B6 /* Nibs */ = {
			isa = PBXGroup;
			children = (
				A6B21C191AA7C12C005FA5B6 /* Main.storyboard */,
				A6B21C1E1AA7C12C005FA5B6 /* LaunchScreen.xib */,
			);
			name = Nibs;
			sourceTree = "<group>";
		};
		A6B21C631AA8EDED005FA5B6 /* Resources */ = {
			isa = PBXGroup;
			children = (
				A6B21C431AA8E636005FA5B6 /* Third Party */,
			);
			name = Resources;
			sourceTree = "<group>";
		};
		F1D632A473C35C2A48A3F268 /* Pods */ = {
			isa = PBXGroup;
			children = (
				B5C145BDC8E69EC6A0633F01 /* Pods.debug.xcconfig */,
				7CFC9AA473A08D3FF393CB29 /* Pods.release.xcconfig */,
			);
			name = Pods;
			sourceTree = "<group>";
		};
/* End PBXGroup section */

/* Begin PBXNativeTarget section */
		A6B21C081AA7C12C005FA5B6 /* HackathonTemplate */ = {
			isa = PBXNativeTarget;
			buildConfigurationList = A6B21C2F1AA7C12C005FA5B6 /* Build configuration list for PBXNativeTarget "HackathonTemplate" */;
			buildPhases = (
				DEA4BDA30135696527D1AEA4 /* Check Pods Manifest.lock */,
				A6B21C051AA7C12C005FA5B6 /* Sources */,
				A6B21C061AA7C12C005FA5B6 /* Frameworks */,
				A6B21C071AA7C12C005FA5B6 /* Resources */,
				7C418D4AB96B55B4C79CCA96 /* Copy Pods Resources */,
			);
			buildRules = (
			);
			dependencies = (
			);
			name = HackathonTemplate;
			productName = HackathonTemplate;
			productReference = A6B21C091AA7C12C005FA5B6 /* HackathonTemplate.app */;
			productType = "com.apple.product-type.application";
		};
		A6B21C241AA7C12C005FA5B6 /* HackathonTemplateTests */ = {
			isa = PBXNativeTarget;
			buildConfigurationList = A6B21C321AA7C12C005FA5B6 /* Build configuration list for PBXNativeTarget "HackathonTemplateTests" */;
			buildPhases = (
				A6B21C211AA7C12C005FA5B6 /* Sources */,
				A6B21C221AA7C12C005FA5B6 /* Frameworks */,
				A6B21C231AA7C12C005FA5B6 /* Resources */,
			);
			buildRules = (
			);
			dependencies = (
				A6B21C271AA7C12C005FA5B6 /* PBXTargetDependency */,
			);
			name = HackathonTemplateTests;
			productName = HackathonTemplateTests;
			productReference = A6B21C251AA7C12C005FA5B6 /* HackathonTemplateTests.xctest */;
			productType = "com.apple.product-type.bundle.unit-test";
		};
/* End PBXNativeTarget section */

/* Begin PBXProject section */
		A6B21C011AA7C12C005FA5B6 /* Project object */ = {
			isa = PBXProject;
			attributes = {
				CLASSPREFIX = HT;
				LastUpgradeCheck = 0610;
				TargetAttributes = {
					A6B21C081AA7C12C005FA5B6 = {
						CreatedOnToolsVersion = 6.1.1;
					};
					A6B21C241AA7C12C005FA5B6 = {
						CreatedOnToolsVersion = 6.1.1;
						TestTargetID = A6B21C081AA7C12C005FA5B6;
					};
				};
			};
			buildConfigurationList = A6B21C041AA7C12C005FA5B6 /* Build configuration list for PBXProject "HackathonTemplate" */;
			compatibilityVersion = "Xcode 3.2";
			developmentRegion = English;
			hasScannedForEncodings = 0;
			knownRegions = (
				en,
				Base,
			);
			mainGroup = A6B21C001AA7C12C005FA5B6;
			productRefGroup = A6B21C0A1AA7C12C005FA5B6 /* Products */;
			projectDirPath = "";
			projectRoot = "";
			targets = (
				A6B21C081AA7C12C005FA5B6 /* HackathonTemplate */,
				A6B21C241AA7C12C005FA5B6 /* HackathonTemplateTests */,
			);
		};
/* End PBXProject section */

/* Begin PBXResourcesBuildPhase section */
		A6B21C071AA7C12C005FA5B6 /* Resources */ = {
			isa = PBXResourcesBuildPhase;
			buildActionMask = 2147483647;
			files = (
				A6B21C1B1AA7C12C005FA5B6 /* Main.storyboard in Resources */,
				A6B21C201AA7C12C005FA5B6 /* LaunchScreen.xib in Resources */,
				A6B21C1D1AA7C12C005FA5B6 /* Images.xcassets in Resources */,
			);
			runOnlyForDeploymentPostprocessing = 0;
		};
		A6B21C231AA7C12C005FA5B6 /* Resources */ = {
			isa = PBXResourcesBuildPhase;
			buildActionMask = 2147483647;
			files = (
			);
			runOnlyForDeploymentPostprocessing = 0;
		};
/* End PBXResourcesBuildPhase section */

/* Begin PBXShellScriptBuildPhase section */
		7C418D4AB96B55B4C79CCA96 /* Copy Pods Resources */ = {
			isa = PBXShellScriptBuildPhase;
			buildActionMask = 2147483647;
			files = (
			);
			inputPaths = (
			);
			name = "Copy Pods Resources";
			outputPaths = (
			);
			runOnlyForDeploymentPostprocessing = 0;
			shellPath = /bin/sh;
			shellScript = "\"${SRCROOT}/Pods/Target Support Files/Pods/Pods-resources.sh\"\n";
			showEnvVarsInLog = 0;
		};
		DEA4BDA30135696527D1AEA4 /* Check Pods Manifest.lock */ = {
			isa = PBXShellScriptBuildPhase;
			buildActionMask = 2147483647;
			files = (
			);
			inputPaths = (
			);
			name = "Check Pods Manifest.lock";
			outputPaths = (
			);
			runOnlyForDeploymentPostprocessing = 0;
			shellPath = /bin/sh;
			shellScript = "diff \"${PODS_ROOT}/../Podfile.lock\" \"${PODS_ROOT}/Manifest.lock\" > /dev/null\nif [[ $? != 0 ]] ; then\n    cat << EOM\nerror: The sandbox is not in sync with the Podfile.lock. Run 'pod install' or update your CocoaPods installation.\nEOM\n    exit 1\nfi\n";
			showEnvVarsInLog = 0;
		};
/* End PBXShellScriptBuildPhase section */

/* Begin PBXSourcesBuildPhase section */
		A6B21C051AA7C12C005FA5B6 /* Sources */ = {
			isa = PBXSourcesBuildPhase;
			buildActionMask = 2147483647;
			files = (
				A6B21C611AA8E965005FA5B6 /* HTParseManager.m in Sources */,
				A6B21C151AA7C12C005FA5B6 /* HackathonTemplate.xcdatamodeld in Sources */,
				A6B21C0F1AA7C12C005FA5B6 /* main.m in Sources */,
				A6B21C3C1AA7C263005FA5B6 /* HTViewController.m in Sources */,
				A6B21C3B1AA7C263005FA5B6 /* AppDelegate.m in Sources */,
			);
			runOnlyForDeploymentPostprocessing = 0;
		};
		A6B21C211AA7C12C005FA5B6 /* Sources */ = {
			isa = PBXSourcesBuildPhase;
			buildActionMask = 2147483647;
			files = (
				A6B21C2C1AA7C12C005FA5B6 /* HackathonTemplateTests.m in Sources */,
			);
			runOnlyForDeploymentPostprocessing = 0;
		};
/* End PBXSourcesBuildPhase section */

/* Begin PBXTargetDependency section */
		A6B21C271AA7C12C005FA5B6 /* PBXTargetDependency */ = {
			isa = PBXTargetDependency;
			target = A6B21C081AA7C12C005FA5B6 /* HackathonTemplate */;
			targetProxy = A6B21C261AA7C12C005FA5B6 /* PBXContainerItemProxy */;
		};
/* End PBXTargetDependency section */

/* Begin PBXVariantGroup section */
		A6B21C191AA7C12C005FA5B6 /* Main.storyboard */ = {
			isa = PBXVariantGroup;
			children = (
				A6B21C1A1AA7C12C005FA5B6 /* Base */,
			);
			name = Main.storyboard;
			sourceTree = "<group>";
		};
		A6B21C1E1AA7C12C005FA5B6 /* LaunchScreen.xib */ = {
			isa = PBXVariantGroup;
			children = (
				A6B21C1F1AA7C12C005FA5B6 /* Base */,
			);
			name = LaunchScreen.xib;
			sourceTree = "<group>";
		};
/* End PBXVariantGroup section */

/* Begin XCBuildConfiguration section */
		A6B21C2D1AA7C12C005FA5B6 /* Debug */ = {
			isa = XCBuildConfiguration;
			buildSettings = {
				ALWAYS_SEARCH_USER_PATHS = NO;
				CLANG_CXX_LANGUAGE_STANDARD = "gnu++0x";
				CLANG_CXX_LIBRARY = "libc++";
				CLANG_ENABLE_MODULES = YES;
				CLANG_ENABLE_OBJC_ARC = YES;
				CLANG_WARN_BOOL_CONVERSION = YES;
				CLANG_WARN_CONSTANT_CONVERSION = YES;
				CLANG_WARN_DIRECT_OBJC_ISA_USAGE = YES_ERROR;
				CLANG_WARN_EMPTY_BODY = YES;
				CLANG_WARN_ENUM_CONVERSION = YES;
				CLANG_WARN_INT_CONVERSION = YES;
				CLANG_WARN_OBJC_ROOT_CLASS = YES_ERROR;
				CLANG_WARN_UNREACHABLE_CODE = YES;
				CLANG_WARN__DUPLICATE_METHOD_MATCH = YES;
				"CODE_SIGN_IDENTITY[sdk=iphoneos*]" = "iPhone Developer";
				COPY_PHASE_STRIP = NO;
				ENABLE_STRICT_OBJC_MSGSEND = YES;
				FRAMEWORK_SEARCH_PATHS = "$(SRCROOT)/**";
				GCC_C_LANGUAGE_STANDARD = gnu99;
				GCC_DYNAMIC_NO_PIC = NO;
				GCC_OPTIMIZATION_LEVEL = 0;
				GCC_PREPROCESSOR_DEFINITIONS = (
					"DEBUG=1",
					"$(inherited)",
				);
				GCC_SYMBOLS_PRIVATE_EXTERN = NO;
				GCC_WARN_64_TO_32_BIT_CONVERSION = YES;
				GCC_WARN_ABOUT_RETURN_TYPE = YES_ERROR;
				GCC_WARN_UNDECLARED_SELECTOR = YES;
				GCC_WARN_UNINITIALIZED_AUTOS = YES_AGGRESSIVE;
				GCC_WARN_UNUSED_FUNCTION = YES;
				GCC_WARN_UNUSED_VARIABLE = YES;
				IPHONEOS_DEPLOYMENT_TARGET = 8.1;
				MTL_ENABLE_DEBUG_INFO = YES;
				ONLY_ACTIVE_ARCH = YES;
				SDKROOT = iphoneos;
			};
			name = Debug;
		};
		A6B21C2E1AA7C12C005FA5B6 /* Release */ = {
			isa = XCBuildConfiguration;
			buildSettings = {
				ALWAYS_SEARCH_USER_PATHS = NO;
				CLANG_CXX_LANGUAGE_STANDARD = "gnu++0x";
				CLANG_CXX_LIBRARY = "libc++";
				CLANG_ENABLE_MODULES = YES;
				CLANG_ENABLE_OBJC_ARC = YES;
				CLANG_WARN_BOOL_CONVERSION = YES;
				CLANG_WARN_CONSTANT_CONVERSION = YES;
				CLANG_WARN_DIRECT_OBJC_ISA_USAGE = YES_ERROR;
				CLANG_WARN_EMPTY_BODY = YES;
				CLANG_WARN_ENUM_CONVERSION = YES;
				CLANG_WARN_INT_CONVERSION = YES;
				CLANG_WARN_OBJC_ROOT_CLASS = YES_ERROR;
				CLANG_WARN_UNREACHABLE_CODE = YES;
				CLANG_WARN__DUPLICATE_METHOD_MATCH = YES;
				"CODE_SIGN_IDENTITY[sdk=iphoneos*]" = "iPhone Developer";
				COPY_PHASE_STRIP = YES;
				ENABLE_NS_ASSERTIONS = NO;
				ENABLE_STRICT_OBJC_MSGSEND = YES;
				FRAMEWORK_SEARCH_PATHS = "$(SRCROOT)/**";
				GCC_C_LANGUAGE_STANDARD = gnu99;
				GCC_WARN_64_TO_32_BIT_CONVERSION = YES;
				GCC_WARN_ABOUT_RETURN_TYPE = YES_ERROR;
				GCC_WARN_UNDECLARED_SELECTOR = YES;
				GCC_WARN_UNINITIALIZED_AUTOS = YES_AGGRESSIVE;
				GCC_WARN_UNUSED_FUNCTION = YES;
				GCC_WARN_UNUSED_VARIABLE = YES;
				IPHONEOS_DEPLOYMENT_TARGET = 8.1;
				MTL_ENABLE_DEBUG_INFO = NO;
				SDKROOT = iphoneos;
				VALIDATE_PRODUCT = YES;
			};
			name = Release;
		};
		A6B21C301AA7C12C005FA5B6 /* Debug */ = {
			isa = XCBuildConfiguration;
			baseConfigurationReference = B5C145BDC8E69EC6A0633F01 /* Pods.debug.xcconfig */;
			buildSettings = {
				ASSETCATALOG_COMPILER_APPICON_NAME = AppIcon;
				FRAMEWORK_SEARCH_PATHS = (
					"$(inherited)",
					"$(PROJECT_DIR)/HackathonTemplate/Third",
					"Party/parse-library-1.6.4",
					"$(PROJECT_DIR)/HackathonTemplate/ThirdParty/parse-library-1.6.4",
				);
				GCC_PRECOMPILE_PREFIX_HEADER = YES;
				GCC_PREFIX_HEADER = "HackathonTemplate-prefix.pch";
				INFOPLIST_FILE = HackathonTemplate/Info.plist;
				LD_RUNPATH_SEARCH_PATHS = "$(inherited) @executable_path/Frameworks";
				PRODUCT_NAME = "$(TARGET_NAME)";
			};
			name = Debug;
		};
		A6B21C311AA7C12C005FA5B6 /* Release */ = {
			isa = XCBuildConfiguration;
			baseConfigurationReference = 7CFC9AA473A08D3FF393CB29 /* Pods.release.xcconfig */;
			buildSettings = {
				ASSETCATALOG_COMPILER_APPICON_NAME = AppIcon;
				FRAMEWORK_SEARCH_PATHS = (
					"$(inherited)",
					"$(PROJECT_DIR)/HackathonTemplate/Third",
					"Party/parse-library-1.6.4",
					"$(PROJECT_DIR)/HackathonTemplate/ThirdParty/parse-library-1.6.4",
				);
				GCC_PRECOMPILE_PREFIX_HEADER = YES;
				GCC_PREFIX_HEADER = "HackathonTemplate-prefix.pch";
				INFOPLIST_FILE = HackathonTemplate/Info.plist;
				LD_RUNPATH_SEARCH_PATHS = "$(inherited) @executable_path/Frameworks";
				PRODUCT_NAME = "$(TARGET_NAME)";
			};
			name = Release;
		};
		A6B21C331AA7C12C005FA5B6 /* Debug */ = {
			isa = XCBuildConfiguration;
			buildSettings = {
				BUNDLE_LOADER = "$(TEST_HOST)";
				FRAMEWORK_SEARCH_PATHS = (
					"$(SDKROOT)/Developer/Library/Frameworks",
					"$(inherited)",
				);
				GCC_PREPROCESSOR_DEFINITIONS = (
					"DEBUG=1",
					"$(inherited)",
				);
				INFOPLIST_FILE = HackathonTemplateTests/Info.plist;
				LD_RUNPATH_SEARCH_PATHS = "$(inherited) @executable_path/Frameworks @loader_path/Frameworks";
				PRODUCT_NAME = "$(TARGET_NAME)";
				TEST_HOST = "$(BUILT_PRODUCTS_DIR)/HackathonTemplate.app/HackathonTemplate";
			};
			name = Debug;
		};
		A6B21C341AA7C12C005FA5B6 /* Release */ = {
			isa = XCBuildConfiguration;
			buildSettings = {
				BUNDLE_LOADER = "$(TEST_HOST)";
				FRAMEWORK_SEARCH_PATHS = (
					"$(SDKROOT)/Developer/Library/Frameworks",
					"$(inherited)",
				);
				INFOPLIST_FILE = HackathonTemplateTests/Info.plist;
				LD_RUNPATH_SEARCH_PATHS = "$(inherited) @executable_path/Frameworks @loader_path/Frameworks";
				PRODUCT_NAME = "$(TARGET_NAME)";
				TEST_HOST = "$(BUILT_PRODUCTS_DIR)/HackathonTemplate.app/HackathonTemplate";
			};
			name = Release;
		};
/* End XCBuildConfiguration section */

/* Begin XCConfigurationList section */
		A6B21C041AA7C12C005FA5B6 /* Build configuration list for PBXProject "HackathonTemplate" */ = {
			isa = XCConfigurationList;
			buildConfigurations = (
				A6B21C2D1AA7C12C005FA5B6 /* Debug */,
				A6B21C2E1AA7C12C005FA5B6 /* Release */,
			);
			defaultConfigurationIsVisible = 0;
			defaultConfigurationName = Release;
		};
		A6B21C2F1AA7C12C005FA5B6 /* Build configuration list for PBXNativeTarget "HackathonTemplate" */ = {
			isa = XCConfigurationList;
			buildConfigurations = (
				A6B21C301AA7C12C005FA5B6 /* Debug */,
				A6B21C311AA7C12C005FA5B6 /* Release */,
			);
			defaultConfigurationIsVisible = 0;
			defaultConfigurationName = Release;
		};
		A6B21C321AA7C12C005FA5B6 /* Build configuration list for PBXNativeTarget "HackathonTemplateTests" */ = {
			isa = XCConfigurationList;
			buildConfigurations = (
				A6B21C331AA7C12C005FA5B6 /* Debug */,
				A6B21C341AA7C12C005FA5B6 /* Release */,
			);
			defaultConfigurationIsVisible = 0;
			defaultConfigurationName = Release;
		};
/* End XCConfigurationList section */

/* Begin XCVersionGroup section */
		A6B21C131AA7C12C005FA5B6 /* HackathonTemplate.xcdatamodeld */ = {
			isa = XCVersionGroup;
			children = (
				A6B21C141AA7C12C005FA5B6 /* HackathonTemplate.xcdatamodel */,
			);
			currentVersion = A6B21C141AA7C12C005FA5B6 /* HackathonTemplate.xcdatamodel */;
			path = HackathonTemplate.xcdatamodeld;
			sourceTree = "<group>";
			versionGroupType = wrapper.xcdatamodel;
		};
/* End XCVersionGroup section */
	};
	rootObject = A6B21C011AA7C12C005FA5B6 /* Project object */;
}
